{
  "object": {
    "pins": [
      {
        "package": "Chalk",
        "repositoryURL": "https://github.com/mxcl/Chalk.git",
        "state": {
          "branch": null,
          "revision": "9aa9f348b86db3cf6702a3e43c081ecec80cf3c7",
          "version": "0.4.0"
        }
      },
      {
        "package": "FileCheck",
        "repositoryURL": "https://github.com/llvm-swift/FileCheck.git",
        "state": {
          "branch": null,
          "revision": "f25bfb4c69b9e05bf6b8d0862dcedb875c1b0f68",
          "version": "0.2.4"
        }
      },
      {
        "package": "Nimble",
        "repositoryURL": "https://github.com/mRs-/Nimble",
        "state": {
          "branch": "Swift5.3",
          "revision": "a0b0ab7db759ebf72b843f37370ea3da0eb2fb29",
          "version": null
        }
      },
      {
        "package": "Quick",
        "repositoryURL": "https://github.com/mRs-/Quick",
        "state": {
          "branch": "Xcode12",
          "revision": "2f3c2b10ccf1fc854aa25121917120f9f57d4987",
          "version": null
        }
      },
      {
        "package": "QuickSwiftCheck",
        "repositoryURL": "https://github.com/mRs-/QuickSwiftCheck",
        "state": {
          "branch": "develop",
          "revision": "9a6099daa0fcf99175e95b63b75f8a2baaaa1b0e",
          "version": null
        }
      },
      {
        "package": "RxNimble",
        "repositoryURL": "https://github.com/fabianmuecke/RxNimble",
        "state": {
          "branch": "master",
          "revision": "0e72ac23936ba5e16d52132a093526e80c0081d7",
          "version": null
        }
      },
      {
        "package": "RxSwift",
        "repositoryURL": "https://github.com/ReactiveX/RxSwift",
        "state": {
          "branch": null,
          "revision": "002d325b0bdee94e7882e1114af5ff4fe1e96afa",
          "version": "5.1.1"
        }
      },
      {
        "package": "swift-tools-support-core",
        "repositoryURL": "https://github.com/apple/swift-tools-support-core.git",
        "state": {
          "branch": null,
          "revision": "693aba4c4c9dcc4767cc853a0dd38bf90ad8c258",
          "version": "0.0.1"
        }
      },
      {
        "package": "SwiftCheck",
        "repositoryURL": "https://github.com/typelift/SwiftCheck",
        "state": {
          "branch": null,
          "revision": "077c096c3ddfc38db223ac8e525ad16ffb987138",
          "version": "0.12.0"
        }
      }
    ]
  },
  "version": 1
}
